
Microsoft Visual Studio Solution File, Format Version 12.00
# Visual Studio 14
VisualStudioVersion = 14.0.25420.1
MinimumVisualStudioVersion = 10.0.40219.1
Project("{FAE04EC0-301F-11D3-BF4B-00C04F79EFBC}") = "TodoApp", "TodoApp\TodoApp\TodoApp.csproj", "{F859070A-568A-48E3-AC41-DE43B3855914}"
EndProject
Project("{FAE04EC0-301F-11D3-BF4B-00C04F79EFBC}") = "TodoApp.Droid", "TodoApp\TodoApp.Droid\TodoApp.Droid.csproj", "{C361D69F-EB36-402F-B93A-5BDE2488F971}"
EndProject
Project("{FAE04EC0-301F-11D3-BF4B-00C04F79EFBC}") = "TodoApp.iOS", "TodoApp\TodoApp.iOS\TodoApp.iOS.csproj", "{3A753258-5ED0-4BB5-A540-FE430B4B2989}"
EndProject
Project("{FAE04EC0-301F-11D3-BF4B-00C04F79EFBC}") = "TodoApp.UWP", "TodoApp\TodoApp.UWP\TodoApp.UWP.csproj", "{47D50D3D-3B83-4863-B801-841BC0E56ED7}"
EndProject
Project("{FAE04EC0-301F-11D3-BF4B-00C04F79EFBC}") = "TodoApp.WinPhone", "TodoApp\TodoApp.WinPhone\TodoApp.WinPhone.csproj", "{CAAE9B39-6B54-477B-BD32-5926ECFFFCBD}"
EndProject
Project("{FAE04EC0-301F-11D3-BF4B-00C04F79EFBC}") = "TodoApp.Windows", "TodoApp\TodoApp.Windows\TodoApp.Windows.csproj", "{F740DFA3-5B03-4E06-8894-DDFF6602ACE6}"
EndProject
Project("{2150E333-8FDC-42A3-9474-1A3956D46DE8}") = "Wpf", "Wpf", "{CA2673E1-C04D-4CBE-92EE-975B15F971FA}"
EndProject
Project("{2150E333-8FDC-42A3-9474-1A3956D46DE8}") = "Xamarin.Forms", "Xamarin.Forms", "{983147E8-10BD-4DA8-A461-D1AA6A167F3C}"
EndProject
Project("{FAE04EC0-301F-11D3-BF4B-00C04F79EFBC}") = "TodoApp.Services", "TodoApp.Services\TodoApp.Services.csproj", "{2FAAFE4F-39DB-4C34-AFDA-4DDF638B5FC0}"
EndProject
Project("{FAE04EC0-301F-11D3-BF4B-00C04F79EFBC}") = "TodoApp.ViewModels", "TodoApp.ViewModels\TodoApp.ViewModels.csproj", "{67F9D3A8-F71E-4428-913F-C37AE82CDB24}"
EndProject
Project("{FAE04EC0-301F-11D3-BF4B-00C04F79EFBC}") = "TodoApp.Wpf", "Wpf\TodoApp.Wpf\TodoApp.Wpf.csproj", "{99C9E82C-C594-446D-AA59-8FFBC43AD226}"
EndProject
Project("{FAE04EC0-301F-11D3-BF4B-00C04F79EFBC}") = "TodoApp.Modules.Todo", "Wpf\TodoApp.Modules.Todo\TodoApp.Modules.Todo.csproj", "{AB8B448C-DD74-4D60-A041-3E5D03A32180}"
EndProject
Project("{FAE04EC0-301F-11D3-BF4B-00C04F79EFBC}") = "TodoApp.ViewModels.Tests", "TodoApp.ViewModels.Tests\TodoApp.ViewModels.Tests.csproj", "{8E48BD49-75D7-4518-AC7C-A2CC9F89B53C}"
EndProject
Project("{2150E333-8FDC-42A3-9474-1A3956D46DE8}") = "Uwp", "Uwp", "{895BFC5B-5791-4B10-95F9-11B491353A95}"
EndProject
Project("{FAE04EC0-301F-11D3-BF4B-00C04F79EFBC}") = "TodoApp.Uwp", "TodoApp.Uwp\TodoApp.Uwp.csproj", "{5965EFBC-02D6-423D-9022-37B7FE6DF686}"
EndProject
Global
	GlobalSection(SolutionConfigurationPlatforms) = preSolution
		Ad-Hoc|Any CPU = Ad-Hoc|Any CPU
		Ad-Hoc|ARM = Ad-Hoc|ARM
		Ad-Hoc|iPhone = Ad-Hoc|iPhone
		Ad-Hoc|iPhoneSimulator = Ad-Hoc|iPhoneSimulator
		Ad-Hoc|x64 = Ad-Hoc|x64
		Ad-Hoc|x86 = Ad-Hoc|x86
		AppStore|Any CPU = AppStore|Any CPU
		AppStore|ARM = AppStore|ARM
		AppStore|iPhone = AppStore|iPhone
		AppStore|iPhoneSimulator = AppStore|iPhoneSimulator
		AppStore|x64 = AppStore|x64
		AppStore|x86 = AppStore|x86
		Debug|Any CPU = Debug|Any CPU
		Debug|ARM = Debug|ARM
		Debug|iPhone = Debug|iPhone
		Debug|iPhoneSimulator = Debug|iPhoneSimulator
		Debug|x64 = Debug|x64
		Debug|x86 = Debug|x86
		Release|Any CPU = Release|Any CPU
		Release|ARM = Release|ARM
		Release|iPhone = Release|iPhone
		Release|iPhoneSimulator = Release|iPhoneSimulator
		Release|x64 = Release|x64
		Release|x86 = Release|x86
	EndGlobalSection
	GlobalSection(ProjectConfigurationPlatforms) = postSolution
		{F859070A-568A-48E3-AC41-DE43B3855914}.Ad-Hoc|Any CPU.ActiveCfg = Release|Any CPU
		{F859070A-568A-48E3-AC41-DE43B3855914}.Ad-Hoc|Any CPU.Build.0 = Release|Any CPU
		{F859070A-568A-48E3-AC41-DE43B3855914}.Ad-Hoc|ARM.ActiveCfg = Release|Any CPU
		{F859070A-568A-48E3-AC41-DE43B3855914}.Ad-Hoc|ARM.Build.0 = Release|Any CPU
		{F859070A-568A-48E3-AC41-DE43B3855914}.Ad-Hoc|iPhone.ActiveCfg = Release|Any CPU
		{F859070A-568A-48E3-AC41-DE43B3855914}.Ad-Hoc|iPhone.Build.0 = Release|Any CPU
		{F859070A-568A-48E3-AC41-DE43B3855914}.Ad-Hoc|iPhoneSimulator.ActiveCfg = Release|Any CPU
		{F859070A-568A-48E3-AC41-DE43B3855914}.Ad-Hoc|iPhoneSimulator.Build.0 = Release|Any CPU
		{F859070A-568A-48E3-AC41-DE43B3855914}.Ad-Hoc|x64.ActiveCfg = Release|Any CPU
		{F859070A-568A-48E3-AC41-DE43B3855914}.Ad-Hoc|x64.Build.0 = Release|Any CPU
		{F859070A-568A-48E3-AC41-DE43B3855914}.Ad-Hoc|x86.ActiveCfg = Release|Any CPU
		{F859070A-568A-48E3-AC41-DE43B3855914}.Ad-Hoc|x86.Build.0 = Release|Any CPU
		{F859070A-568A-48E3-AC41-DE43B3855914}.AppStore|Any CPU.ActiveCfg = Release|Any CPU
		{F859070A-568A-48E3-AC41-DE43B3855914}.AppStore|Any CPU.Build.0 = Release|Any CPU
		{F859070A-568A-48E3-AC41-DE43B3855914}.AppStore|ARM.ActiveCfg = Release|Any CPU
		{F859070A-568A-48E3-AC41-DE43B3855914}.AppStore|ARM.Build.0 = Release|Any CPU
		{F859070A-568A-48E3-AC41-DE43B3855914}.AppStore|iPhone.ActiveCfg = Release|Any CPU
		{F859070A-568A-48E3-AC41-DE43B3855914}.AppStore|iPhone.Build.0 = Release|Any CPU
		{F859070A-568A-48E3-AC41-DE43B3855914}.AppStore|iPhoneSimulator.ActiveCfg = Release|Any CPU
		{F859070A-568A-48E3-AC41-DE43B3855914}.AppStore|iPhoneSimulator.Build.0 = Release|Any CPU
		{F859070A-568A-48E3-AC41-DE43B3855914}.AppStore|x64.ActiveCfg = Release|Any CPU
		{F859070A-568A-48E3-AC41-DE43B3855914}.AppStore|x64.Build.0 = Release|Any CPU
		{F859070A-568A-48E3-AC41-DE43B3855914}.AppStore|x86.ActiveCfg = Release|Any CPU
		{F859070A-568A-48E3-AC41-DE43B3855914}.AppStore|x86.Build.0 = Release|Any CPU
		{F859070A-568A-48E3-AC41-DE43B3855914}.Debug|Any CPU.ActiveCfg = Debug|Any CPU
		{F859070A-568A-48E3-AC41-DE43B3855914}.Debug|Any CPU.Build.0 = Debug|Any CPU
		{F859070A-568A-48E3-AC41-DE43B3855914}.Debug|ARM.ActiveCfg = Debug|Any CPU
		{F859070A-568A-48E3-AC41-DE43B3855914}.Debug|ARM.Build.0 = Debug|Any CPU
		{F859070A-568A-48E3-AC41-DE43B3855914}.Debug|iPhone.ActiveCfg = Debug|Any CPU
		{F859070A-568A-48E3-AC41-DE43B3855914}.Debug|iPhone.Build.0 = Debug|Any CPU
		{F859070A-568A-48E3-AC41-DE43B3855914}.Debug|iPhoneSimulator.ActiveCfg = Debug|Any CPU
		{F859070A-568A-48E3-AC41-DE43B3855914}.Debug|iPhoneSimulator.Build.0 = Debug|Any CPU
		{F859070A-568A-48E3-AC41-DE43B3855914}.Debug|x64.ActiveCfg = Debug|Any CPU
		{F859070A-568A-48E3-AC41-DE43B3855914}.Debug|x64.Build.0 = Debug|Any CPU
		{F859070A-568A-48E3-AC41-DE43B3855914}.Debug|x86.ActiveCfg = Debug|Any CPU
		{F859070A-568A-48E3-AC41-DE43B3855914}.Debug|x86.Build.0 = Debug|Any CPU
		{F859070A-568A-48E3-AC41-DE43B3855914}.Release|Any CPU.ActiveCfg = Release|Any CPU
		{F859070A-568A-48E3-AC41-DE43B3855914}.Release|Any CPU.Build.0 = Release|Any CPU
		{F859070A-568A-48E3-AC41-DE43B3855914}.Release|ARM.ActiveCfg = Release|Any CPU
		{F859070A-568A-48E3-AC41-DE43B3855914}.Release|ARM.Build.0 = Release|Any CPU
		{F859070A-568A-48E3-AC41-DE43B3855914}.Release|iPhone.ActiveCfg = Release|Any CPU
		{F859070A-568A-48E3-AC41-DE43B3855914}.Release|iPhone.Build.0 = Release|Any CPU
		{F859070A-568A-48E3-AC41-DE43B3855914}.Release|iPhoneSimulator.ActiveCfg = Release|Any CPU
		{F859070A-568A-48E3-AC41-DE43B3855914}.Release|iPhoneSimulator.Build.0 = Release|Any CPU
		{F859070A-568A-48E3-AC41-DE43B3855914}.Release|x64.ActiveCfg = Release|Any CPU
		{F859070A-568A-48E3-AC41-DE43B3855914}.Release|x64.Build.0 = Release|Any CPU
		{F859070A-568A-48E3-AC41-DE43B3855914}.Release|x86.ActiveCfg = Release|Any CPU
		{F859070A-568A-48E3-AC41-DE43B3855914}.Release|x86.Build.0 = Release|Any CPU
		{C361D69F-EB36-402F-B93A-5BDE2488F971}.Ad-Hoc|Any CPU.ActiveCfg = Release|Any CPU
		{C361D69F-EB36-402F-B93A-5BDE2488F971}.Ad-Hoc|Any CPU.Build.0 = Release|Any CPU
		{C361D69F-EB36-402F-B93A-5BDE2488F971}.Ad-Hoc|Any CPU.Deploy.0 = Release|Any CPU
		{C361D69F-EB36-402F-B93A-5BDE2488F971}.Ad-Hoc|ARM.ActiveCfg = Release|Any CPU
		{C361D69F-EB36-402F-B93A-5BDE2488F971}.Ad-Hoc|ARM.Build.0 = Release|Any CPU
		{C361D69F-EB36-402F-B93A-5BDE2488F971}.Ad-Hoc|ARM.Deploy.0 = Release|Any CPU
		{C361D69F-EB36-402F-B93A-5BDE2488F971}.Ad-Hoc|iPhone.ActiveCfg = Release|Any CPU
		{C361D69F-EB36-402F-B93A-5BDE2488F971}.Ad-Hoc|iPhone.Build.0 = Release|Any CPU
		{C361D69F-EB36-402F-B93A-5BDE2488F971}.Ad-Hoc|iPhone.Deploy.0 = Release|Any CPU
		{C361D69F-EB36-402F-B93A-5BDE2488F971}.Ad-Hoc|iPhoneSimulator.ActiveCfg = Release|Any CPU
		{C361D69F-EB36-402F-B93A-5BDE2488F971}.Ad-Hoc|iPhoneSimulator.Build.0 = Release|Any CPU
		{C361D69F-EB36-402F-B93A-5BDE2488F971}.Ad-Hoc|iPhoneSimulator.Deploy.0 = Release|Any CPU
		{C361D69F-EB36-402F-B93A-5BDE2488F971}.Ad-Hoc|x64.ActiveCfg = Release|Any CPU
		{C361D69F-EB36-402F-B93A-5BDE2488F971}.Ad-Hoc|x64.Build.0 = Release|Any CPU
		{C361D69F-EB36-402F-B93A-5BDE2488F971}.Ad-Hoc|x64.Deploy.0 = Release|Any CPU
		{C361D69F-EB36-402F-B93A-5BDE2488F971}.Ad-Hoc|x86.ActiveCfg = Release|Any CPU
		{C361D69F-EB36-402F-B93A-5BDE2488F971}.Ad-Hoc|x86.Build.0 = Release|Any CPU
		{C361D69F-EB36-402F-B93A-5BDE2488F971}.Ad-Hoc|x86.Deploy.0 = Release|Any CPU
		{C361D69F-EB36-402F-B93A-5BDE2488F971}.AppStore|Any CPU.ActiveCfg = Release|Any CPU
		{C361D69F-EB36-402F-B93A-5BDE2488F971}.AppStore|Any CPU.Build.0 = Release|Any CPU
		{C361D69F-EB36-402F-B93A-5BDE2488F971}.AppStore|Any CPU.Deploy.0 = Release|Any CPU
		{C361D69F-EB36-402F-B93A-5BDE2488F971}.AppStore|ARM.ActiveCfg = Release|Any CPU
		{C361D69F-EB36-402F-B93A-5BDE2488F971}.AppStore|ARM.Build.0 = Release|Any CPU
		{C361D69F-EB36-402F-B93A-5BDE2488F971}.AppStore|ARM.Deploy.0 = Release|Any CPU
		{C361D69F-EB36-402F-B93A-5BDE2488F971}.AppStore|iPhone.ActiveCfg = Release|Any CPU
		{C361D69F-EB36-402F-B93A-5BDE2488F971}.AppStore|iPhone.Build.0 = Release|Any CPU
		{C361D69F-EB36-402F-B93A-5BDE2488F971}.AppStore|iPhone.Deploy.0 = Release|Any CPU
		{C361D69F-EB36-402F-B93A-5BDE2488F971}.AppStore|iPhoneSimulator.ActiveCfg = Release|Any CPU
		{C361D69F-EB36-402F-B93A-5BDE2488F971}.AppStore|iPhoneSimulator.Build.0 = Release|Any CPU
		{C361D69F-EB36-402F-B93A-5BDE2488F971}.AppStore|iPhoneSimulator.Deploy.0 = Release|Any CPU
		{C361D69F-EB36-402F-B93A-5BDE2488F971}.AppStore|x64.ActiveCfg = Release|Any CPU
		{C361D69F-EB36-402F-B93A-5BDE2488F971}.AppStore|x64.Build.0 = Release|Any CPU
		{C361D69F-EB36-402F-B93A-5BDE2488F971}.AppStore|x64.Deploy.0 = Release|Any CPU
		{C361D69F-EB36-402F-B93A-5BDE2488F971}.AppStore|x86.ActiveCfg = Release|Any CPU
		{C361D69F-EB36-402F-B93A-5BDE2488F971}.AppStore|x86.Build.0 = Release|Any CPU
		{C361D69F-EB36-402F-B93A-5BDE2488F971}.AppStore|x86.Deploy.0 = Release|Any CPU
		{C361D69F-EB36-402F-B93A-5BDE2488F971}.Debug|Any CPU.ActiveCfg = Debug|Any CPU
		{C361D69F-EB36-402F-B93A-5BDE2488F971}.Debug|Any CPU.Build.0 = Debug|Any CPU
		{C361D69F-EB36-402F-B93A-5BDE2488F971}.Debug|Any CPU.Deploy.0 = Debug|Any CPU
		{C361D69F-EB36-402F-B93A-5BDE2488F971}.Debug|ARM.ActiveCfg = Debug|Any CPU
		{C361D69F-EB36-402F-B93A-5BDE2488F971}.Debug|ARM.Build.0 = Debug|Any CPU
		{C361D69F-EB36-402F-B93A-5BDE2488F971}.Debug|ARM.Deploy.0 = Debug|Any CPU
		{C361D69F-EB36-402F-B93A-5BDE2488F971}.Debug|iPhone.ActiveCfg = Debug|Any CPU
		{C361D69F-EB36-402F-B93A-5BDE2488F971}.Debug|iPhone.Build.0 = Debug|Any CPU
		{C361D69F-EB36-402F-B93A-5BDE2488F971}.Debug|iPhone.Deploy.0 = Debug|Any CPU
		{C361D69F-EB36-402F-B93A-5BDE2488F971}.Debug|iPhoneSimulator.ActiveCfg = Debug|Any CPU
		{C361D69F-EB36-402F-B93A-5BDE2488F971}.Debug|iPhoneSimulator.Build.0 = Debug|Any CPU
		{C361D69F-EB36-402F-B93A-5BDE2488F971}.Debug|iPhoneSimulator.Deploy.0 = Debug|Any CPU
		{C361D69F-EB36-402F-B93A-5BDE2488F971}.Debug|x64.ActiveCfg = Debug|Any CPU
		{C361D69F-EB36-402F-B93A-5BDE2488F971}.Debug|x64.Build.0 = Debug|Any CPU
		{C361D69F-EB36-402F-B93A-5BDE2488F971}.Debug|x64.Deploy.0 = Debug|Any CPU
		{C361D69F-EB36-402F-B93A-5BDE2488F971}.Debug|x86.ActiveCfg = Debug|Any CPU
		{C361D69F-EB36-402F-B93A-5BDE2488F971}.Debug|x86.Build.0 = Debug|Any CPU
		{C361D69F-EB36-402F-B93A-5BDE2488F971}.Debug|x86.Deploy.0 = Debug|Any CPU
		{C361D69F-EB36-402F-B93A-5BDE2488F971}.Release|Any CPU.ActiveCfg = Release|Any CPU
		{C361D69F-EB36-402F-B93A-5BDE2488F971}.Release|Any CPU.Build.0 = Release|Any CPU
		{C361D69F-EB36-402F-B93A-5BDE2488F971}.Release|Any CPU.Deploy.0 = Release|Any CPU
		{C361D69F-EB36-402F-B93A-5BDE2488F971}.Release|ARM.ActiveCfg = Release|Any CPU
		{C361D69F-EB36-402F-B93A-5BDE2488F971}.Release|ARM.Build.0 = Release|Any CPU
		{C361D69F-EB36-402F-B93A-5BDE2488F971}.Release|ARM.Deploy.0 = Release|Any CPU
		{C361D69F-EB36-402F-B93A-5BDE2488F971}.Release|iPhone.ActiveCfg = Release|Any CPU
		{C361D69F-EB36-402F-B93A-5BDE2488F971}.Release|iPhone.Build.0 = Release|Any CPU
		{C361D69F-EB36-402F-B93A-5BDE2488F971}.Release|iPhone.Deploy.0 = Release|Any CPU
		{C361D69F-EB36-402F-B93A-5BDE2488F971}.Release|iPhoneSimulator.ActiveCfg = Release|Any CPU
		{C361D69F-EB36-402F-B93A-5BDE2488F971}.Release|iPhoneSimulator.Build.0 = Release|Any CPU
		{C361D69F-EB36-402F-B93A-5BDE2488F971}.Release|iPhoneSimulator.Deploy.0 = Release|Any CPU
		{C361D69F-EB36-402F-B93A-5BDE2488F971}.Release|x64.ActiveCfg = Release|Any CPU
		{C361D69F-EB36-402F-B93A-5BDE2488F971}.Release|x64.Build.0 = Release|Any CPU
		{C361D69F-EB36-402F-B93A-5BDE2488F971}.Release|x64.Deploy.0 = Release|Any CPU
		{C361D69F-EB36-402F-B93A-5BDE2488F971}.Release|x86.ActiveCfg = Release|Any CPU
		{C361D69F-EB36-402F-B93A-5BDE2488F971}.Release|x86.Build.0 = Release|Any CPU
		{C361D69F-EB36-402F-B93A-5BDE2488F971}.Release|x86.Deploy.0 = Release|Any CPU
		{3A753258-5ED0-4BB5-A540-FE430B4B2989}.Ad-Hoc|Any CPU.ActiveCfg = Ad-Hoc|iPhone
		{3A753258-5ED0-4BB5-A540-FE430B4B2989}.Ad-Hoc|ARM.ActiveCfg = Ad-Hoc|iPhone
		{3A753258-5ED0-4BB5-A540-FE430B4B2989}.Ad-Hoc|iPhone.ActiveCfg = Ad-Hoc|iPhone
		{3A753258-5ED0-4BB5-A540-FE430B4B2989}.Ad-Hoc|iPhone.Build.0 = Ad-Hoc|iPhone
		{3A753258-5ED0-4BB5-A540-FE430B4B2989}.Ad-Hoc|iPhoneSimulator.ActiveCfg = Ad-Hoc|iPhoneSimulator
		{3A753258-5ED0-4BB5-A540-FE430B4B2989}.Ad-Hoc|iPhoneSimulator.Build.0 = Ad-Hoc|iPhoneSimulator
		{3A753258-5ED0-4BB5-A540-FE430B4B2989}.Ad-Hoc|x64.ActiveCfg = Ad-Hoc|iPhone
		{3A753258-5ED0-4BB5-A540-FE430B4B2989}.Ad-Hoc|x86.ActiveCfg = Ad-Hoc|iPhone
		{3A753258-5ED0-4BB5-A540-FE430B4B2989}.AppStore|Any CPU.ActiveCfg = AppStore|iPhone
		{3A753258-5ED0-4BB5-A540-FE430B4B2989}.AppStore|ARM.ActiveCfg = AppStore|iPhone
		{3A753258-5ED0-4BB5-A540-FE430B4B2989}.AppStore|iPhone.ActiveCfg = AppStore|iPhone
		{3A753258-5ED0-4BB5-A540-FE430B4B2989}.AppStore|iPhone.Build.0 = AppStore|iPhone
		{3A753258-5ED0-4BB5-A540-FE430B4B2989}.AppStore|iPhoneSimulator.ActiveCfg = AppStore|iPhoneSimulator
		{3A753258-5ED0-4BB5-A540-FE430B4B2989}.AppStore|iPhoneSimulator.Build.0 = AppStore|iPhoneSimulator
		{3A753258-5ED0-4BB5-A540-FE430B4B2989}.AppStore|x64.ActiveCfg = AppStore|iPhone
		{3A753258-5ED0-4BB5-A540-FE430B4B2989}.AppStore|x86.ActiveCfg = AppStore|iPhone
		{3A753258-5ED0-4BB5-A540-FE430B4B2989}.Debug|Any CPU.ActiveCfg = Debug|iPhone
		{3A753258-5ED0-4BB5-A540-FE430B4B2989}.Debug|ARM.ActiveCfg = Debug|iPhone
		{3A753258-5ED0-4BB5-A540-FE430B4B2989}.Debug|iPhone.ActiveCfg = Debug|iPhone
		{3A753258-5ED0-4BB5-A540-FE430B4B2989}.Debug|iPhone.Build.0 = Debug|iPhone
		{3A753258-5ED0-4BB5-A540-FE430B4B2989}.Debug|iPhoneSimulator.ActiveCfg = Debug|iPhoneSimulator
		{3A753258-5ED0-4BB5-A540-FE430B4B2989}.Debug|iPhoneSimulator.Build.0 = Debug|iPhoneSimulator
		{3A753258-5ED0-4BB5-A540-FE430B4B2989}.Debug|x64.ActiveCfg = Debug|iPhone
		{3A753258-5ED0-4BB5-A540-FE430B4B2989}.Debug|x86.ActiveCfg = Debug|iPhone
		{3A753258-5ED0-4BB5-A540-FE430B4B2989}.Release|Any CPU.ActiveCfg = Release|iPhone
		{3A753258-5ED0-4BB5-A540-FE430B4B2989}.Release|ARM.ActiveCfg = Release|iPhone
		{3A753258-5ED0-4BB5-A540-FE430B4B2989}.Release|iPhone.ActiveCfg = Release|iPhone
		{3A753258-5ED0-4BB5-A540-FE430B4B2989}.Release|iPhone.Build.0 = Release|iPhone
		{3A753258-5ED0-4BB5-A540-FE430B4B2989}.Release|iPhoneSimulator.ActiveCfg = Release|iPhoneSimulator
		{3A753258-5ED0-4BB5-A540-FE430B4B2989}.Release|iPhoneSimulator.Build.0 = Release|iPhoneSimulator
		{3A753258-5ED0-4BB5-A540-FE430B4B2989}.Release|x64.ActiveCfg = Release|iPhone
		{3A753258-5ED0-4BB5-A540-FE430B4B2989}.Release|x86.ActiveCfg = Release|iPhone
		{47D50D3D-3B83-4863-B801-841BC0E56ED7}.Ad-Hoc|Any CPU.ActiveCfg = Release|x86
		{47D50D3D-3B83-4863-B801-841BC0E56ED7}.Ad-Hoc|Any CPU.Build.0 = Release|x86
		{47D50D3D-3B83-4863-B801-841BC0E56ED7}.Ad-Hoc|Any CPU.Deploy.0 = Release|x86
		{47D50D3D-3B83-4863-B801-841BC0E56ED7}.Ad-Hoc|ARM.ActiveCfg = Release|ARM
		{47D50D3D-3B83-4863-B801-841BC0E56ED7}.Ad-Hoc|ARM.Build.0 = Release|ARM
		{47D50D3D-3B83-4863-B801-841BC0E56ED7}.Ad-Hoc|ARM.Deploy.0 = Release|ARM
		{47D50D3D-3B83-4863-B801-841BC0E56ED7}.Ad-Hoc|iPhone.ActiveCfg = Release|x86
		{47D50D3D-3B83-4863-B801-841BC0E56ED7}.Ad-Hoc|iPhone.Build.0 = Release|x86
		{47D50D3D-3B83-4863-B801-841BC0E56ED7}.Ad-Hoc|iPhone.Deploy.0 = Release|x86
		{47D50D3D-3B83-4863-B801-841BC0E56ED7}.Ad-Hoc|iPhoneSimulator.ActiveCfg = Release|x86
		{47D50D3D-3B83-4863-B801-841BC0E56ED7}.Ad-Hoc|iPhoneSimulator.Build.0 = Release|x86
		{47D50D3D-3B83-4863-B801-841BC0E56ED7}.Ad-Hoc|iPhoneSimulator.Deploy.0 = Release|x86
		{47D50D3D-3B83-4863-B801-841BC0E56ED7}.Ad-Hoc|x64.ActiveCfg = Release|x64
		{47D50D3D-3B83-4863-B801-841BC0E56ED7}.Ad-Hoc|x64.Build.0 = Release|x64
		{47D50D3D-3B83-4863-B801-841BC0E56ED7}.Ad-Hoc|x64.Deploy.0 = Release|x64
		{47D50D3D-3B83-4863-B801-841BC0E56ED7}.Ad-Hoc|x86.ActiveCfg = Release|x86
		{47D50D3D-3B83-4863-B801-841BC0E56ED7}.Ad-Hoc|x86.Build.0 = Release|x86
		{47D50D3D-3B83-4863-B801-841BC0E56ED7}.Ad-Hoc|x86.Deploy.0 = Release|x86
		{47D50D3D-3B83-4863-B801-841BC0E56ED7}.AppStore|Any CPU.ActiveCfg = Release|x86
		{47D50D3D-3B83-4863-B801-841BC0E56ED7}.AppStore|Any CPU.Build.0 = Release|x86
		{47D50D3D-3B83-4863-B801-841BC0E56ED7}.AppStore|Any CPU.Deploy.0 = Release|x86
		{47D50D3D-3B83-4863-B801-841BC0E56ED7}.AppStore|ARM.ActiveCfg = Release|ARM
		{47D50D3D-3B83-4863-B801-841BC0E56ED7}.AppStore|ARM.Build.0 = Release|ARM
		{47D50D3D-3B83-4863-B801-841BC0E56ED7}.AppStore|ARM.Deploy.0 = Release|ARM
		{47D50D3D-3B83-4863-B801-841BC0E56ED7}.AppStore|iPhone.ActiveCfg = Release|x86
		{47D50D3D-3B83-4863-B801-841BC0E56ED7}.AppStore|iPhone.Build.0 = Release|x86
		{47D50D3D-3B83-4863-B801-841BC0E56ED7}.AppStore|iPhone.Deploy.0 = Release|x86
		{47D50D3D-3B83-4863-B801-841BC0E56ED7}.AppStore|iPhoneSimulator.ActiveCfg = Release|x86
		{47D50D3D-3B83-4863-B801-841BC0E56ED7}.AppStore|iPhoneSimulator.Build.0 = Release|x86
		{47D50D3D-3B83-4863-B801-841BC0E56ED7}.AppStore|iPhoneSimulator.Deploy.0 = Release|x86
		{47D50D3D-3B83-4863-B801-841BC0E56ED7}.AppStore|x64.ActiveCfg = Release|x64
		{47D50D3D-3B83-4863-B801-841BC0E56ED7}.AppStore|x64.Build.0 = Release|x64
		{47D50D3D-3B83-4863-B801-841BC0E56ED7}.AppStore|x64.Deploy.0 = Release|x64
		{47D50D3D-3B83-4863-B801-841BC0E56ED7}.AppStore|x86.ActiveCfg = Release|x86
		{47D50D3D-3B83-4863-B801-841BC0E56ED7}.AppStore|x86.Build.0 = Release|x86
		{47D50D3D-3B83-4863-B801-841BC0E56ED7}.AppStore|x86.Deploy.0 = Release|x86
		{47D50D3D-3B83-4863-B801-841BC0E56ED7}.Debug|Any CPU.ActiveCfg = Debug|x86
		{47D50D3D-3B83-4863-B801-841BC0E56ED7}.Debug|ARM.ActiveCfg = Debug|ARM
		{47D50D3D-3B83-4863-B801-841BC0E56ED7}.Debug|ARM.Build.0 = Debug|ARM
		{47D50D3D-3B83-4863-B801-841BC0E56ED7}.Debug|ARM.Deploy.0 = Debug|ARM
		{47D50D3D-3B83-4863-B801-841BC0E56ED7}.Debug|iPhone.ActiveCfg = Debug|x86
		{47D50D3D-3B83-4863-B801-841BC0E56ED7}.Debug|iPhoneSimulator.ActiveCfg = Debug|x86
		{47D50D3D-3B83-4863-B801-841BC0E56ED7}.Debug|x64.ActiveCfg = Debug|x64
		{47D50D3D-3B83-4863-B801-841BC0E56ED7}.Debug|x64.Build.0 = Debug|x64
		{47D50D3D-3B83-4863-B801-841BC0E56ED7}.Debug|x64.Deploy.0 = Debug|x64
		{47D50D3D-3B83-4863-B801-841BC0E56ED7}.Debug|x86.ActiveCfg = Debug|x86
		{47D50D3D-3B83-4863-B801-841BC0E56ED7}.Debug|x86.Build.0 = Debug|x86
		{47D50D3D-3B83-4863-B801-841BC0E56ED7}.Debug|x86.Deploy.0 = Debug|x86
		{47D50D3D-3B83-4863-B801-841BC0E56ED7}.Release|Any CPU.ActiveCfg = Release|x86
		{47D50D3D-3B83-4863-B801-841BC0E56ED7}.Release|ARM.ActiveCfg = Release|ARM
		{47D50D3D-3B83-4863-B801-841BC0E56ED7}.Release|ARM.Build.0 = Release|ARM
		{47D50D3D-3B83-4863-B801-841BC0E56ED7}.Release|ARM.Deploy.0 = Release|ARM
		{47D50D3D-3B83-4863-B801-841BC0E56ED7}.Release|iPhone.ActiveCfg = Release|x86
		{47D50D3D-3B83-4863-B801-841BC0E56ED7}.Release|iPhoneSimulator.ActiveCfg = Release|x86
		{47D50D3D-3B83-4863-B801-841BC0E56ED7}.Release|x64.ActiveCfg = Release|x64
		{47D50D3D-3B83-4863-B801-841BC0E56ED7}.Release|x64.Build.0 = Release|x64
		{47D50D3D-3B83-4863-B801-841BC0E56ED7}.Release|x64.Deploy.0 = Release|x64
		{47D50D3D-3B83-4863-B801-841BC0E56ED7}.Release|x86.ActiveCfg = Release|x86
		{47D50D3D-3B83-4863-B801-841BC0E56ED7}.Release|x86.Build.0 = Release|x86
		{47D50D3D-3B83-4863-B801-841BC0E56ED7}.Release|x86.Deploy.0 = Release|x86
		{CAAE9B39-6B54-477B-BD32-5926ECFFFCBD}.Ad-Hoc|Any CPU.ActiveCfg = Release|Any CPU
		{CAAE9B39-6B54-477B-BD32-5926ECFFFCBD}.Ad-Hoc|Any CPU.Build.0 = Release|Any CPU
		{CAAE9B39-6B54-477B-BD32-5926ECFFFCBD}.Ad-Hoc|Any CPU.Deploy.0 = Release|Any CPU
		{CAAE9B39-6B54-477B-BD32-5926ECFFFCBD}.Ad-Hoc|ARM.ActiveCfg = Release|ARM
		{CAAE9B39-6B54-477B-BD32-5926ECFFFCBD}.Ad-Hoc|ARM.Build.0 = Release|ARM
		{CAAE9B39-6B54-477B-BD32-5926ECFFFCBD}.Ad-Hoc|ARM.Deploy.0 = Release|ARM
		{CAAE9B39-6B54-477B-BD32-5926ECFFFCBD}.Ad-Hoc|iPhone.ActiveCfg = Release|Any CPU
		{CAAE9B39-6B54-477B-BD32-5926ECFFFCBD}.Ad-Hoc|iPhone.Build.0 = Release|Any CPU
		{CAAE9B39-6B54-477B-BD32-5926ECFFFCBD}.Ad-Hoc|iPhone.Deploy.0 = Release|Any CPU
		{CAAE9B39-6B54-477B-BD32-5926ECFFFCBD}.Ad-Hoc|iPhoneSimulator.ActiveCfg = Release|Any CPU
		{CAAE9B39-6B54-477B-BD32-5926ECFFFCBD}.Ad-Hoc|iPhoneSimulator.Build.0 = Release|Any CPU
		{CAAE9B39-6B54-477B-BD32-5926ECFFFCBD}.Ad-Hoc|iPhoneSimulator.Deploy.0 = Release|Any CPU
		{CAAE9B39-6B54-477B-BD32-5926ECFFFCBD}.Ad-Hoc|x64.ActiveCfg = Release|Any CPU
		{CAAE9B39-6B54-477B-BD32-5926ECFFFCBD}.Ad-Hoc|x64.Build.0 = Release|Any CPU
		{CAAE9B39-6B54-477B-BD32-5926ECFFFCBD}.Ad-Hoc|x64.Deploy.0 = Release|Any CPU
		{CAAE9B39-6B54-477B-BD32-5926ECFFFCBD}.Ad-Hoc|x86.ActiveCfg = Release|x86
		{CAAE9B39-6B54-477B-BD32-5926ECFFFCBD}.Ad-Hoc|x86.Build.0 = Release|x86
		{CAAE9B39-6B54-477B-BD32-5926ECFFFCBD}.Ad-Hoc|x86.Deploy.0 = Release|x86
		{CAAE9B39-6B54-477B-BD32-5926ECFFFCBD}.AppStore|Any CPU.ActiveCfg = Release|Any CPU
		{CAAE9B39-6B54-477B-BD32-5926ECFFFCBD}.AppStore|Any CPU.Build.0 = Release|Any CPU
		{CAAE9B39-6B54-477B-BD32-5926ECFFFCBD}.AppStore|Any CPU.Deploy.0 = Release|Any CPU
		{CAAE9B39-6B54-477B-BD32-5926ECFFFCBD}.AppStore|ARM.ActiveCfg = Release|ARM
		{CAAE9B39-6B54-477B-BD32-5926ECFFFCBD}.AppStore|ARM.Build.0 = Release|ARM
		{CAAE9B39-6B54-477B-BD32-5926ECFFFCBD}.AppStore|ARM.Deploy.0 = Release|ARM
		{CAAE9B39-6B54-477B-BD32-5926ECFFFCBD}.AppStore|iPhone.ActiveCfg = Release|Any CPU
		{CAAE9B39-6B54-477B-BD32-5926ECFFFCBD}.AppStore|iPhone.Build.0 = Release|Any CPU
		{CAAE9B39-6B54-477B-BD32-5926ECFFFCBD}.AppStore|iPhone.Deploy.0 = Release|Any CPU
		{CAAE9B39-6B54-477B-BD32-5926ECFFFCBD}.AppStore|iPhoneSimulator.ActiveCfg = Release|Any CPU
		{CAAE9B39-6B54-477B-BD32-5926ECFFFCBD}.AppStore|iPhoneSimulator.Build.0 = Release|Any CPU
		{CAAE9B39-6B54-477B-BD32-5926ECFFFCBD}.AppStore|iPhoneSimulator.Deploy.0 = Release|Any CPU
		{CAAE9B39-6B54-477B-BD32-5926ECFFFCBD}.AppStore|x64.ActiveCfg = Release|Any CPU
		{CAAE9B39-6B54-477B-BD32-5926ECFFFCBD}.AppStore|x64.Build.0 = Release|Any CPU
		{CAAE9B39-6B54-477B-BD32-5926ECFFFCBD}.AppStore|x64.Deploy.0 = Release|Any CPU
		{CAAE9B39-6B54-477B-BD32-5926ECFFFCBD}.AppStore|x86.ActiveCfg = Release|x86
		{CAAE9B39-6B54-477B-BD32-5926ECFFFCBD}.AppStore|x86.Build.0 = Release|x86
		{CAAE9B39-6B54-477B-BD32-5926ECFFFCBD}.AppStore|x86.Deploy.0 = Release|x86
		{CAAE9B39-6B54-477B-BD32-5926ECFFFCBD}.Debug|Any CPU.ActiveCfg = Debug|Any CPU
		{CAAE9B39-6B54-477B-BD32-5926ECFFFCBD}.Debug|Any CPU.Build.0 = Debug|Any CPU
		{CAAE9B39-6B54-477B-BD32-5926ECFFFCBD}.Debug|Any CPU.Deploy.0 = Debug|Any CPU
		{CAAE9B39-6B54-477B-BD32-5926ECFFFCBD}.Debug|ARM.ActiveCfg = Debug|ARM
		{CAAE9B39-6B54-477B-BD32-5926ECFFFCBD}.Debug|ARM.Build.0 = Debug|ARM
		{CAAE9B39-6B54-477B-BD32-5926ECFFFCBD}.Debug|ARM.Deploy.0 = Debug|ARM
		{CAAE9B39-6B54-477B-BD32-5926ECFFFCBD}.Debug|iPhone.ActiveCfg = Debug|Any CPU
		{CAAE9B39-6B54-477B-BD32-5926ECFFFCBD}.Debug|iPhone.Build.0 = Debug|Any CPU
		{CAAE9B39-6B54-477B-BD32-5926ECFFFCBD}.Debug|iPhone.Deploy.0 = Debug|Any CPU
		{CAAE9B39-6B54-477B-BD32-5926ECFFFCBD}.Debug|iPhoneSimulator.ActiveCfg = Debug|Any CPU
		{CAAE9B39-6B54-477B-BD32-5926ECFFFCBD}.Debug|iPhoneSimulator.Build.0 = Debug|Any CPU
		{CAAE9B39-6B54-477B-BD32-5926ECFFFCBD}.Debug|iPhoneSimulator.Deploy.0 = Debug|Any CPU
		{CAAE9B39-6B54-477B-BD32-5926ECFFFCBD}.Debug|x64.ActiveCfg = Debug|Any CPU
		{CAAE9B39-6B54-477B-BD32-5926ECFFFCBD}.Debug|x64.Build.0 = Debug|Any CPU
		{CAAE9B39-6B54-477B-BD32-5926ECFFFCBD}.Debug|x64.Deploy.0 = Debug|Any CPU
		{CAAE9B39-6B54-477B-BD32-5926ECFFFCBD}.Debug|x86.ActiveCfg = Debug|x86
		{CAAE9B39-6B54-477B-BD32-5926ECFFFCBD}.Debug|x86.Build.0 = Debug|x86
		{CAAE9B39-6B54-477B-BD32-5926ECFFFCBD}.Debug|x86.Deploy.0 = Debug|x86
		{CAAE9B39-6B54-477B-BD32-5926ECFFFCBD}.Release|Any CPU.ActiveCfg = Release|Any CPU
		{CAAE9B39-6B54-477B-BD32-5926ECFFFCBD}.Release|Any CPU.Build.0 = Release|Any CPU
		{CAAE9B39-6B54-477B-BD32-5926ECFFFCBD}.Release|Any CPU.Deploy.0 = Release|Any CPU
		{CAAE9B39-6B54-477B-BD32-5926ECFFFCBD}.Release|ARM.ActiveCfg = Release|ARM
		{CAAE9B39-6B54-477B-BD32-5926ECFFFCBD}.Release|ARM.Build.0 = Release|ARM
		{CAAE9B39-6B54-477B-BD32-5926ECFFFCBD}.Release|ARM.Deploy.0 = Release|ARM
		{CAAE9B39-6B54-477B-BD32-5926ECFFFCBD}.Release|iPhone.ActiveCfg = Release|Any CPU
		{CAAE9B39-6B54-477B-BD32-5926ECFFFCBD}.Release|iPhone.Build.0 = Release|Any CPU
		{CAAE9B39-6B54-477B-BD32-5926ECFFFCBD}.Release|iPhone.Deploy.0 = Release|Any CPU
		{CAAE9B39-6B54-477B-BD32-5926ECFFFCBD}.Release|iPhoneSimulator.ActiveCfg = Release|Any CPU
		{CAAE9B39-6B54-477B-BD32-5926ECFFFCBD}.Release|iPhoneSimulator.Build.0 = Release|Any CPU
		{CAAE9B39-6B54-477B-BD32-5926ECFFFCBD}.Release|iPhoneSimulator.Deploy.0 = Release|Any CPU
		{CAAE9B39-6B54-477B-BD32-5926ECFFFCBD}.Release|x64.ActiveCfg = Release|Any CPU
		{CAAE9B39-6B54-477B-BD32-5926ECFFFCBD}.Release|x64.Build.0 = Release|Any CPU
		{CAAE9B39-6B54-477B-BD32-5926ECFFFCBD}.Release|x64.Deploy.0 = Release|Any CPU
		{CAAE9B39-6B54-477B-BD32-5926ECFFFCBD}.Release|x86.ActiveCfg = Release|x86
		{CAAE9B39-6B54-477B-BD32-5926ECFFFCBD}.Release|x86.Build.0 = Release|x86
		{CAAE9B39-6B54-477B-BD32-5926ECFFFCBD}.Release|x86.Deploy.0 = Release|x86
		{F740DFA3-5B03-4E06-8894-DDFF6602ACE6}.Ad-Hoc|Any CPU.ActiveCfg = Release|Any CPU
		{F740DFA3-5B03-4E06-8894-DDFF6602ACE6}.Ad-Hoc|Any CPU.Build.0 = Release|Any CPU
		{F740DFA3-5B03-4E06-8894-DDFF6602ACE6}.Ad-Hoc|Any CPU.Deploy.0 = Release|Any CPU
		{F740DFA3-5B03-4E06-8894-DDFF6602ACE6}.Ad-Hoc|ARM.ActiveCfg = Release|ARM
		{F740DFA3-5B03-4E06-8894-DDFF6602ACE6}.Ad-Hoc|ARM.Build.0 = Release|ARM
		{F740DFA3-5B03-4E06-8894-DDFF6602ACE6}.Ad-Hoc|ARM.Deploy.0 = Release|ARM
		{F740DFA3-5B03-4E06-8894-DDFF6602ACE6}.Ad-Hoc|iPhone.ActiveCfg = Release|Any CPU
		{F740DFA3-5B03-4E06-8894-DDFF6602ACE6}.Ad-Hoc|iPhone.Build.0 = Release|Any CPU
		{F740DFA3-5B03-4E06-8894-DDFF6602ACE6}.Ad-Hoc|iPhone.Deploy.0 = Release|Any CPU
		{F740DFA3-5B03-4E06-8894-DDFF6602ACE6}.Ad-Hoc|iPhoneSimulator.ActiveCfg = Release|Any CPU
		{F740DFA3-5B03-4E06-8894-DDFF6602ACE6}.Ad-Hoc|iPhoneSimulator.Build.0 = Release|Any CPU
		{F740DFA3-5B03-4E06-8894-DDFF6602ACE6}.Ad-Hoc|iPhoneSimulator.Deploy.0 = Release|Any CPU
		{F740DFA3-5B03-4E06-8894-DDFF6602ACE6}.Ad-Hoc|x64.ActiveCfg = Release|x64
		{F740DFA3-5B03-4E06-8894-DDFF6602ACE6}.Ad-Hoc|x64.Build.0 = Release|x64
		{F740DFA3-5B03-4E06-8894-DDFF6602ACE6}.Ad-Hoc|x64.Deploy.0 = Release|x64
		{F740DFA3-5B03-4E06-8894-DDFF6602ACE6}.Ad-Hoc|x86.ActiveCfg = Release|x86
		{F740DFA3-5B03-4E06-8894-DDFF6602ACE6}.Ad-Hoc|x86.Build.0 = Release|x86
		{F740DFA3-5B03-4E06-8894-DDFF6602ACE6}.Ad-Hoc|x86.Deploy.0 = Release|x86
		{F740DFA3-5B03-4E06-8894-DDFF6602ACE6}.AppStore|Any CPU.ActiveCfg = Release|Any CPU
		{F740DFA3-5B03-4E06-8894-DDFF6602ACE6}.AppStore|Any CPU.Build.0 = Release|Any CPU
		{F740DFA3-5B03-4E06-8894-DDFF6602ACE6}.AppStore|Any CPU.Deploy.0 = Release|Any CPU
		{F740DFA3-5B03-4E06-8894-DDFF6602ACE6}.AppStore|ARM.ActiveCfg = Release|ARM
		{F740DFA3-5B03-4E06-8894-DDFF6602ACE6}.AppStore|ARM.Build.0 = Release|ARM
		{F740DFA3-5B03-4E06-8894-DDFF6602ACE6}.AppStore|ARM.Deploy.0 = Release|ARM
		{F740DFA3-5B03-4E06-8894-DDFF6602ACE6}.AppStore|iPhone.ActiveCfg = Release|Any CPU
		{F740DFA3-5B03-4E06-8894-DDFF6602ACE6}.AppStore|iPhone.Build.0 = Release|Any CPU
		{F740DFA3-5B03-4E06-8894-DDFF6602ACE6}.AppStore|iPhone.Deploy.0 = Release|Any CPU
		{F740DFA3-5B03-4E06-8894-DDFF6602ACE6}.AppStore|iPhoneSimulator.ActiveCfg = Release|Any CPU
		{F740DFA3-5B03-4E06-8894-DDFF6602ACE6}.AppStore|iPhoneSimulator.Build.0 = Release|Any CPU
		{F740DFA3-5B03-4E06-8894-DDFF6602ACE6}.AppStore|iPhoneSimulator.Deploy.0 = Release|Any CPU
		{F740DFA3-5B03-4E06-8894-DDFF6602ACE6}.AppStore|x64.ActiveCfg = Release|x64
		{F740DFA3-5B03-4E06-8894-DDFF6602ACE6}.AppStore|x64.Build.0 = Release|x64
		{F740DFA3-5B03-4E06-8894-DDFF6602ACE6}.AppStore|x64.Deploy.0 = Release|x64
		{F740DFA3-5B03-4E06-8894-DDFF6602ACE6}.AppStore|x86.ActiveCfg = Release|x86
		{F740DFA3-5B03-4E06-8894-DDFF6602ACE6}.AppStore|x86.Build.0 = Release|x86
		{F740DFA3-5B03-4E06-8894-DDFF6602ACE6}.AppStore|x86.Deploy.0 = Release|x86
		{F740DFA3-5B03-4E06-8894-DDFF6602ACE6}.Debug|Any CPU.ActiveCfg = Debug|Any CPU
		{F740DFA3-5B03-4E06-8894-DDFF6602ACE6}.Debug|Any CPU.Build.0 = Debug|Any CPU
		{F740DFA3-5B03-4E06-8894-DDFF6602ACE6}.Debug|Any CPU.Deploy.0 = Debug|Any CPU
		{F740DFA3-5B03-4E06-8894-DDFF6602ACE6}.Debug|ARM.ActiveCfg = Debug|ARM
		{F740DFA3-5B03-4E06-8894-DDFF6602ACE6}.Debug|ARM.Build.0 = Debug|ARM
		{F740DFA3-5B03-4E06-8894-DDFF6602ACE6}.Debug|ARM.Deploy.0 = Debug|ARM
		{F740DFA3-5B03-4E06-8894-DDFF6602ACE6}.Debug|iPhone.ActiveCfg = Debug|Any CPU
		{F740DFA3-5B03-4E06-8894-DDFF6602ACE6}.Debug|iPhone.Build.0 = Debug|Any CPU
		{F740DFA3-5B03-4E06-8894-DDFF6602ACE6}.Debug|iPhone.Deploy.0 = Debug|Any CPU
		{F740DFA3-5B03-4E06-8894-DDFF6602ACE6}.Debug|iPhoneSimulator.ActiveCfg = Debug|Any CPU
		{F740DFA3-5B03-4E06-8894-DDFF6602ACE6}.Debug|iPhoneSimulator.Build.0 = Debug|Any CPU
		{F740DFA3-5B03-4E06-8894-DDFF6602ACE6}.Debug|iPhoneSimulator.Deploy.0 = Debug|Any CPU
		{F740DFA3-5B03-4E06-8894-DDFF6602ACE6}.Debug|x64.ActiveCfg = Debug|x64
		{F740DFA3-5B03-4E06-8894-DDFF6602ACE6}.Debug|x64.Build.0 = Debug|x64
		{F740DFA3-5B03-4E06-8894-DDFF6602ACE6}.Debug|x64.Deploy.0 = Debug|x64
		{F740DFA3-5B03-4E06-8894-DDFF6602ACE6}.Debug|x86.ActiveCfg = Debug|x86
		{F740DFA3-5B03-4E06-8894-DDFF6602ACE6}.Debug|x86.Build.0 = Debug|x86
		{F740DFA3-5B03-4E06-8894-DDFF6602ACE6}.Debug|x86.Deploy.0 = Debug|x86
		{F740DFA3-5B03-4E06-8894-DDFF6602ACE6}.Release|Any CPU.ActiveCfg = Release|Any CPU
		{F740DFA3-5B03-4E06-8894-DDFF6602ACE6}.Release|Any CPU.Build.0 = Release|Any CPU
		{F740DFA3-5B03-4E06-8894-DDFF6602ACE6}.Release|Any CPU.Deploy.0 = Release|Any CPU
		{F740DFA3-5B03-4E06-8894-DDFF6602ACE6}.Release|ARM.ActiveCfg = Release|ARM
		{F740DFA3-5B03-4E06-8894-DDFF6602ACE6}.Release|ARM.Build.0 = Release|ARM
		{F740DFA3-5B03-4E06-8894-DDFF6602ACE6}.Release|ARM.Deploy.0 = Release|ARM
		{F740DFA3-5B03-4E06-8894-DDFF6602ACE6}.Release|iPhone.ActiveCfg = Release|Any CPU
		{F740DFA3-5B03-4E06-8894-DDFF6602ACE6}.Release|iPhone.Build.0 = Release|Any CPU
		{F740DFA3-5B03-4E06-8894-DDFF6602ACE6}.Release|iPhone.Deploy.0 = Release|Any CPU
		{F740DFA3-5B03-4E06-8894-DDFF6602ACE6}.Release|iPhoneSimulator.ActiveCfg = Release|Any CPU
		{F740DFA3-5B03-4E06-8894-DDFF6602ACE6}.Release|iPhoneSimulator.Build.0 = Release|Any CPU
		{F740DFA3-5B03-4E06-8894-DDFF6602ACE6}.Release|iPhoneSimulator.Deploy.0 = Release|Any CPU
		{F740DFA3-5B03-4E06-8894-DDFF6602ACE6}.Release|x64.ActiveCfg = Release|x64
		{F740DFA3-5B03-4E06-8894-DDFF6602ACE6}.Release|x64.Build.0 = Release|x64
		{F740DFA3-5B03-4E06-8894-DDFF6602ACE6}.Release|x64.Deploy.0 = Release|x64
		{F740DFA3-5B03-4E06-8894-DDFF6602ACE6}.Release|x86.ActiveCfg = Release|x86
		{F740DFA3-5B03-4E06-8894-DDFF6602ACE6}.Release|x86.Build.0 = Release|x86
		{F740DFA3-5B03-4E06-8894-DDFF6602ACE6}.Release|x86.Deploy.0 = Release|x86
		{2FAAFE4F-39DB-4C34-AFDA-4DDF638B5FC0}.Ad-Hoc|Any CPU.ActiveCfg = Release|Any CPU
		{2FAAFE4F-39DB-4C34-AFDA-4DDF638B5FC0}.Ad-Hoc|Any CPU.Build.0 = Release|Any CPU
		{2FAAFE4F-39DB-4C34-AFDA-4DDF638B5FC0}.Ad-Hoc|ARM.ActiveCfg = Release|Any CPU
		{2FAAFE4F-39DB-4C34-AFDA-4DDF638B5FC0}.Ad-Hoc|ARM.Build.0 = Release|Any CPU
		{2FAAFE4F-39DB-4C34-AFDA-4DDF638B5FC0}.Ad-Hoc|iPhone.ActiveCfg = Release|Any CPU
		{2FAAFE4F-39DB-4C34-AFDA-4DDF638B5FC0}.Ad-Hoc|iPhone.Build.0 = Release|Any CPU
		{2FAAFE4F-39DB-4C34-AFDA-4DDF638B5FC0}.Ad-Hoc|iPhoneSimulator.ActiveCfg = Release|Any CPU
		{2FAAFE4F-39DB-4C34-AFDA-4DDF638B5FC0}.Ad-Hoc|iPhoneSimulator.Build.0 = Release|Any CPU
		{2FAAFE4F-39DB-4C34-AFDA-4DDF638B5FC0}.Ad-Hoc|x64.ActiveCfg = Release|Any CPU
		{2FAAFE4F-39DB-4C34-AFDA-4DDF638B5FC0}.Ad-Hoc|x64.Build.0 = Release|Any CPU
		{2FAAFE4F-39DB-4C34-AFDA-4DDF638B5FC0}.Ad-Hoc|x86.ActiveCfg = Release|Any CPU
		{2FAAFE4F-39DB-4C34-AFDA-4DDF638B5FC0}.Ad-Hoc|x86.Build.0 = Release|Any CPU
		{2FAAFE4F-39DB-4C34-AFDA-4DDF638B5FC0}.AppStore|Any CPU.ActiveCfg = Release|Any CPU
		{2FAAFE4F-39DB-4C34-AFDA-4DDF638B5FC0}.AppStore|Any CPU.Build.0 = Release|Any CPU
		{2FAAFE4F-39DB-4C34-AFDA-4DDF638B5FC0}.AppStore|ARM.ActiveCfg = Release|Any CPU
		{2FAAFE4F-39DB-4C34-AFDA-4DDF638B5FC0}.AppStore|ARM.Build.0 = Release|Any CPU
		{2FAAFE4F-39DB-4C34-AFDA-4DDF638B5FC0}.AppStore|iPhone.ActiveCfg = Release|Any CPU
		{2FAAFE4F-39DB-4C34-AFDA-4DDF638B5FC0}.AppStore|iPhone.Build.0 = Release|Any CPU
		{2FAAFE4F-39DB-4C34-AFDA-4DDF638B5FC0}.AppStore|iPhoneSimulator.ActiveCfg = Release|Any CPU
		{2FAAFE4F-39DB-4C34-AFDA-4DDF638B5FC0}.AppStore|iPhoneSimulator.Build.0 = Release|Any CPU
		{2FAAFE4F-39DB-4C34-AFDA-4DDF638B5FC0}.AppStore|x64.ActiveCfg = Release|Any CPU
		{2FAAFE4F-39DB-4C34-AFDA-4DDF638B5FC0}.AppStore|x64.Build.0 = Release|Any CPU
		{2FAAFE4F-39DB-4C34-AFDA-4DDF638B5FC0}.AppStore|x86.ActiveCfg = Release|Any CPU
		{2FAAFE4F-39DB-4C34-AFDA-4DDF638B5FC0}.AppStore|x86.Build.0 = Release|Any CPU
		{2FAAFE4F-39DB-4C34-AFDA-4DDF638B5FC0}.Debug|Any CPU.ActiveCfg = Debug|Any CPU
		{2FAAFE4F-39DB-4C34-AFDA-4DDF638B5FC0}.Debug|Any CPU.Build.0 = Debug|Any CPU
		{2FAAFE4F-39DB-4C34-AFDA-4DDF638B5FC0}.Debug|ARM.ActiveCfg = Debug|Any CPU
		{2FAAFE4F-39DB-4C34-AFDA-4DDF638B5FC0}.Debug|ARM.Build.0 = Debug|Any CPU
		{2FAAFE4F-39DB-4C34-AFDA-4DDF638B5FC0}.Debug|iPhone.ActiveCfg = Debug|Any CPU
		{2FAAFE4F-39DB-4C34-AFDA-4DDF638B5FC0}.Debug|iPhone.Build.0 = Debug|Any CPU
		{2FAAFE4F-39DB-4C34-AFDA-4DDF638B5FC0}.Debug|iPhoneSimulator.ActiveCfg = Debug|Any CPU
		{2FAAFE4F-39DB-4C34-AFDA-4DDF638B5FC0}.Debug|iPhoneSimulator.Build.0 = Debug|Any CPU
		{2FAAFE4F-39DB-4C34-AFDA-4DDF638B5FC0}.Debug|x64.ActiveCfg = Debug|Any CPU
		{2FAAFE4F-39DB-4C34-AFDA-4DDF638B5FC0}.Debug|x64.Build.0 = Debug|Any CPU
		{2FAAFE4F-39DB-4C34-AFDA-4DDF638B5FC0}.Debug|x86.ActiveCfg = Debug|Any CPU
		{2FAAFE4F-39DB-4C34-AFDA-4DDF638B5FC0}.Debug|x86.Build.0 = Debug|Any CPU
		{2FAAFE4F-39DB-4C34-AFDA-4DDF638B5FC0}.Release|Any CPU.ActiveCfg = Release|Any CPU
		{2FAAFE4F-39DB-4C34-AFDA-4DDF638B5FC0}.Release|Any CPU.Build.0 = Release|Any CPU
		{2FAAFE4F-39DB-4C34-AFDA-4DDF638B5FC0}.Release|ARM.ActiveCfg = Release|Any CPU
		{2FAAFE4F-39DB-4C34-AFDA-4DDF638B5FC0}.Release|ARM.Build.0 = Release|Any CPU
		{2FAAFE4F-39DB-4C34-AFDA-4DDF638B5FC0}.Release|iPhone.ActiveCfg = Release|Any CPU
		{2FAAFE4F-39DB-4C34-AFDA-4DDF638B5FC0}.Release|iPhone.Build.0 = Release|Any CPU
		{2FAAFE4F-39DB-4C34-AFDA-4DDF638B5FC0}.Release|iPhoneSimulator.ActiveCfg = Release|Any CPU
		{2FAAFE4F-39DB-4C34-AFDA-4DDF638B5FC0}.Release|iPhoneSimulator.Build.0 = Release|Any CPU
		{2FAAFE4F-39DB-4C34-AFDA-4DDF638B5FC0}.Release|x64.ActiveCfg = Release|Any CPU
		{2FAAFE4F-39DB-4C34-AFDA-4DDF638B5FC0}.Release|x64.Build.0 = Release|Any CPU
		{2FAAFE4F-39DB-4C34-AFDA-4DDF638B5FC0}.Release|x86.ActiveCfg = Release|Any CPU
		{2FAAFE4F-39DB-4C34-AFDA-4DDF638B5FC0}.Release|x86.Build.0 = Release|Any CPU
		{67F9D3A8-F71E-4428-913F-C37AE82CDB24}.Ad-Hoc|Any CPU.ActiveCfg = Release|Any CPU
		{67F9D3A8-F71E-4428-913F-C37AE82CDB24}.Ad-Hoc|Any CPU.Build.0 = Release|Any CPU
		{67F9D3A8-F71E-4428-913F-C37AE82CDB24}.Ad-Hoc|ARM.ActiveCfg = Release|Any CPU
		{67F9D3A8-F71E-4428-913F-C37AE82CDB24}.Ad-Hoc|ARM.Build.0 = Release|Any CPU
		{67F9D3A8-F71E-4428-913F-C37AE82CDB24}.Ad-Hoc|iPhone.ActiveCfg = Release|Any CPU
		{67F9D3A8-F71E-4428-913F-C37AE82CDB24}.Ad-Hoc|iPhone.Build.0 = Release|Any CPU
		{67F9D3A8-F71E-4428-913F-C37AE82CDB24}.Ad-Hoc|iPhoneSimulator.ActiveCfg = Release|Any CPU
		{67F9D3A8-F71E-4428-913F-C37AE82CDB24}.Ad-Hoc|iPhoneSimulator.Build.0 = Release|Any CPU
		{67F9D3A8-F71E-4428-913F-C37AE82CDB24}.Ad-Hoc|x64.ActiveCfg = Release|Any CPU
		{67F9D3A8-F71E-4428-913F-C37AE82CDB24}.Ad-Hoc|x64.Build.0 = Release|Any CPU
		{67F9D3A8-F71E-4428-913F-C37AE82CDB24}.Ad-Hoc|x86.ActiveCfg = Release|Any CPU
		{67F9D3A8-F71E-4428-913F-C37AE82CDB24}.Ad-Hoc|x86.Build.0 = Release|Any CPU
		{67F9D3A8-F71E-4428-913F-C37AE82CDB24}.AppStore|Any CPU.ActiveCfg = Release|Any CPU
		{67F9D3A8-F71E-4428-913F-C37AE82CDB24}.AppStore|Any CPU.Build.0 = Release|Any CPU
		{67F9D3A8-F71E-4428-913F-C37AE82CDB24}.AppStore|ARM.ActiveCfg = Release|Any CPU
		{67F9D3A8-F71E-4428-913F-C37AE82CDB24}.AppStore|ARM.Build.0 = Release|Any CPU
		{67F9D3A8-F71E-4428-913F-C37AE82CDB24}.AppStore|iPhone.ActiveCfg = Release|Any CPU
		{67F9D3A8-F71E-4428-913F-C37AE82CDB24}.AppStore|iPhone.Build.0 = Release|Any CPU
		{67F9D3A8-F71E-4428-913F-C37AE82CDB24}.AppStore|iPhoneSimulator.ActiveCfg = Release|Any CPU
		{67F9D3A8-F71E-4428-913F-C37AE82CDB24}.AppStore|iPhoneSimulator.Build.0 = Release|Any CPU
		{67F9D3A8-F71E-4428-913F-C37AE82CDB24}.AppStore|x64.ActiveCfg = Release|Any CPU
		{67F9D3A8-F71E-4428-913F-C37AE82CDB24}.AppStore|x64.Build.0 = Release|Any CPU
		{67F9D3A8-F71E-4428-913F-C37AE82CDB24}.AppStore|x86.ActiveCfg = Release|Any CPU
		{67F9D3A8-F71E-4428-913F-C37AE82CDB24}.AppStore|x86.Build.0 = Release|Any CPU
		{67F9D3A8-F71E-4428-913F-C37AE82CDB24}.Debug|Any CPU.ActiveCfg = Debug|Any CPU
		{67F9D3A8-F71E-4428-913F-C37AE82CDB24}.Debug|Any CPU.Build.0 = Debug|Any CPU
		{67F9D3A8-F71E-4428-913F-C37AE82CDB24}.Debug|ARM.ActiveCfg = Debug|Any CPU
		{67F9D3A8-F71E-4428-913F-C37AE82CDB24}.Debug|ARM.Build.0 = Debug|Any CPU
		{67F9D3A8-F71E-4428-913F-C37AE82CDB24}.Debug|iPhone.ActiveCfg = Debug|Any CPU
		{67F9D3A8-F71E-4428-913F-C37AE82CDB24}.Debug|iPhone.Build.0 = Debug|Any CPU
		{67F9D3A8-F71E-4428-913F-C37AE82CDB24}.Debug|iPhoneSimulator.ActiveCfg = Debug|Any CPU
		{67F9D3A8-F71E-4428-913F-C37AE82CDB24}.Debug|iPhoneSimulator.Build.0 = Debug|Any CPU
		{67F9D3A8-F71E-4428-913F-C37AE82CDB24}.Debug|x64.ActiveCfg = Debug|Any CPU
		{67F9D3A8-F71E-4428-913F-C37AE82CDB24}.Debug|x64.Build.0 = Debug|Any CPU
		{67F9D3A8-F71E-4428-913F-C37AE82CDB24}.Debug|x86.ActiveCfg = Debug|Any CPU
		{67F9D3A8-F71E-4428-913F-C37AE82CDB24}.Debug|x86.Build.0 = Debug|Any CPU
		{67F9D3A8-F71E-4428-913F-C37AE82CDB24}.Release|Any CPU.ActiveCfg = Release|Any CPU
		{67F9D3A8-F71E-4428-913F-C37AE82CDB24}.Release|Any CPU.Build.0 = Release|Any CPU
		{67F9D3A8-F71E-4428-913F-C37AE82CDB24}.Release|ARM.ActiveCfg = Release|Any CPU
		{67F9D3A8-F71E-4428-913F-C37AE82CDB24}.Release|ARM.Build.0 = Release|Any CPU
		{67F9D3A8-F71E-4428-913F-C37AE82CDB24}.Release|iPhone.ActiveCfg = Release|Any CPU
		{67F9D3A8-F71E-4428-913F-C37AE82CDB24}.Release|iPhone.Build.0 = Release|Any CPU
		{67F9D3A8-F71E-4428-913F-C37AE82CDB24}.Release|iPhoneSimulator.ActiveCfg = Release|Any CPU
		{67F9D3A8-F71E-4428-913F-C37AE82CDB24}.Release|iPhoneSimulator.Build.0 = Release|Any CPU
		{67F9D3A8-F71E-4428-913F-C37AE82CDB24}.Release|x64.ActiveCfg = Release|Any CPU
		{67F9D3A8-F71E-4428-913F-C37AE82CDB24}.Release|x64.Build.0 = Release|Any CPU
		{67F9D3A8-F71E-4428-913F-C37AE82CDB24}.Release|x86.ActiveCfg = Release|Any CPU
		{67F9D3A8-F71E-4428-913F-C37AE82CDB24}.Release|x86.Build.0 = Release|Any CPU
		{99C9E82C-C594-446D-AA59-8FFBC43AD226}.Ad-Hoc|Any CPU.ActiveCfg = Release|Any CPU
		{99C9E82C-C594-446D-AA59-8FFBC43AD226}.Ad-Hoc|Any CPU.Build.0 = Release|Any CPU
		{99C9E82C-C594-446D-AA59-8FFBC43AD226}.Ad-Hoc|ARM.ActiveCfg = Release|Any CPU
		{99C9E82C-C594-446D-AA59-8FFBC43AD226}.Ad-Hoc|ARM.Build.0 = Release|Any CPU
		{99C9E82C-C594-446D-AA59-8FFBC43AD226}.Ad-Hoc|iPhone.ActiveCfg = Release|Any CPU
		{99C9E82C-C594-446D-AA59-8FFBC43AD226}.Ad-Hoc|iPhone.Build.0 = Release|Any CPU
		{99C9E82C-C594-446D-AA59-8FFBC43AD226}.Ad-Hoc|iPhoneSimulator.ActiveCfg = Release|Any CPU
		{99C9E82C-C594-446D-AA59-8FFBC43AD226}.Ad-Hoc|iPhoneSimulator.Build.0 = Release|Any CPU
		{99C9E82C-C594-446D-AA59-8FFBC43AD226}.Ad-Hoc|x64.ActiveCfg = Release|Any CPU
		{99C9E82C-C594-446D-AA59-8FFBC43AD226}.Ad-Hoc|x64.Build.0 = Release|Any CPU
		{99C9E82C-C594-446D-AA59-8FFBC43AD226}.Ad-Hoc|x86.ActiveCfg = Release|Any CPU
		{99C9E82C-C594-446D-AA59-8FFBC43AD226}.Ad-Hoc|x86.Build.0 = Release|Any CPU
		{99C9E82C-C594-446D-AA59-8FFBC43AD226}.AppStore|Any CPU.ActiveCfg = Release|Any CPU
		{99C9E82C-C594-446D-AA59-8FFBC43AD226}.AppStore|Any CPU.Build.0 = Release|Any CPU
		{99C9E82C-C594-446D-AA59-8FFBC43AD226}.AppStore|ARM.ActiveCfg = Release|Any CPU
		{99C9E82C-C594-446D-AA59-8FFBC43AD226}.AppStore|ARM.Build.0 = Release|Any CPU
		{99C9E82C-C594-446D-AA59-8FFBC43AD226}.AppStore|iPhone.ActiveCfg = Release|Any CPU
		{99C9E82C-C594-446D-AA59-8FFBC43AD226}.AppStore|iPhone.Build.0 = Release|Any CPU
		{99C9E82C-C594-446D-AA59-8FFBC43AD226}.AppStore|iPhoneSimulator.ActiveCfg = Release|Any CPU
		{99C9E82C-C594-446D-AA59-8FFBC43AD226}.AppStore|iPhoneSimulator.Build.0 = Release|Any CPU
		{99C9E82C-C594-446D-AA59-8FFBC43AD226}.AppStore|x64.ActiveCfg = Release|Any CPU
		{99C9E82C-C594-446D-AA59-8FFBC43AD226}.AppStore|x64.Build.0 = Release|Any CPU
		{99C9E82C-C594-446D-AA59-8FFBC43AD226}.AppStore|x86.ActiveCfg = Release|Any CPU
		{99C9E82C-C594-446D-AA59-8FFBC43AD226}.AppStore|x86.Build.0 = Release|Any CPU
		{99C9E82C-C594-446D-AA59-8FFBC43AD226}.Debug|Any CPU.ActiveCfg = Debug|Any CPU
		{99C9E82C-C594-446D-AA59-8FFBC43AD226}.Debug|Any CPU.Build.0 = Debug|Any CPU
		{99C9E82C-C594-446D-AA59-8FFBC43AD226}.Debug|ARM.ActiveCfg = Debug|Any CPU
		{99C9E82C-C594-446D-AA59-8FFBC43AD226}.Debug|ARM.Build.0 = Debug|Any CPU
		{99C9E82C-C594-446D-AA59-8FFBC43AD226}.Debug|iPhone.ActiveCfg = Debug|Any CPU
		{99C9E82C-C594-446D-AA59-8FFBC43AD226}.Debug|iPhone.Build.0 = Debug|Any CPU
		{99C9E82C-C594-446D-AA59-8FFBC43AD226}.Debug|iPhoneSimulator.ActiveCfg = Debug|Any CPU
		{99C9E82C-C594-446D-AA59-8FFBC43AD226}.Debug|iPhoneSimulator.Build.0 = Debug|Any CPU
		{99C9E82C-C594-446D-AA59-8FFBC43AD226}.Debug|x64.ActiveCfg = Debug|Any CPU
		{99C9E82C-C594-446D-AA59-8FFBC43AD226}.Debug|x64.Build.0 = Debug|Any CPU
		{99C9E82C-C594-446D-AA59-8FFBC43AD226}.Debug|x86.ActiveCfg = Debug|Any CPU
		{99C9E82C-C594-446D-AA59-8FFBC43AD226}.Debug|x86.Build.0 = Debug|Any CPU
		{99C9E82C-C594-446D-AA59-8FFBC43AD226}.Release|Any CPU.ActiveCfg = Release|Any CPU
		{99C9E82C-C594-446D-AA59-8FFBC43AD226}.Release|Any CPU.Build.0 = Release|Any CPU
		{99C9E82C-C594-446D-AA59-8FFBC43AD226}.Release|ARM.ActiveCfg = Release|Any CPU
		{99C9E82C-C594-446D-AA59-8FFBC43AD226}.Release|ARM.Build.0 = Release|Any CPU
		{99C9E82C-C594-446D-AA59-8FFBC43AD226}.Release|iPhone.ActiveCfg = Release|Any CPU
		{99C9E82C-C594-446D-AA59-8FFBC43AD226}.Release|iPhone.Build.0 = Release|Any CPU
		{99C9E82C-C594-446D-AA59-8FFBC43AD226}.Release|iPhoneSimulator.ActiveCfg = Release|Any CPU
		{99C9E82C-C594-446D-AA59-8FFBC43AD226}.Release|iPhoneSimulator.Build.0 = Release|Any CPU
		{99C9E82C-C594-446D-AA59-8FFBC43AD226}.Release|x64.ActiveCfg = Release|Any CPU
		{99C9E82C-C594-446D-AA59-8FFBC43AD226}.Release|x64.Build.0 = Release|Any CPU
		{99C9E82C-C594-446D-AA59-8FFBC43AD226}.Release|x86.ActiveCfg = Release|Any CPU
		{99C9E82C-C594-446D-AA59-8FFBC43AD226}.Release|x86.Build.0 = Release|Any CPU
		{AB8B448C-DD74-4D60-A041-3E5D03A32180}.Ad-Hoc|Any CPU.ActiveCfg = Release|Any CPU
		{AB8B448C-DD74-4D60-A041-3E5D03A32180}.Ad-Hoc|Any CPU.Build.0 = Release|Any CPU
		{AB8B448C-DD74-4D60-A041-3E5D03A32180}.Ad-Hoc|ARM.ActiveCfg = Release|Any CPU
		{AB8B448C-DD74-4D60-A041-3E5D03A32180}.Ad-Hoc|ARM.Build.0 = Release|Any CPU
		{AB8B448C-DD74-4D60-A041-3E5D03A32180}.Ad-Hoc|iPhone.ActiveCfg = Release|Any CPU
		{AB8B448C-DD74-4D60-A041-3E5D03A32180}.Ad-Hoc|iPhone.Build.0 = Release|Any CPU
		{AB8B448C-DD74-4D60-A041-3E5D03A32180}.Ad-Hoc|iPhoneSimulator.ActiveCfg = Release|Any CPU
		{AB8B448C-DD74-4D60-A041-3E5D03A32180}.Ad-Hoc|iPhoneSimulator.Build.0 = Release|Any CPU
		{AB8B448C-DD74-4D60-A041-3E5D03A32180}.Ad-Hoc|x64.ActiveCfg = Release|Any CPU
		{AB8B448C-DD74-4D60-A041-3E5D03A32180}.Ad-Hoc|x64.Build.0 = Release|Any CPU
		{AB8B448C-DD74-4D60-A041-3E5D03A32180}.Ad-Hoc|x86.ActiveCfg = Release|Any CPU
		{AB8B448C-DD74-4D60-A041-3E5D03A32180}.Ad-Hoc|x86.Build.0 = Release|Any CPU
		{AB8B448C-DD74-4D60-A041-3E5D03A32180}.AppStore|Any CPU.ActiveCfg = Release|Any CPU
		{AB8B448C-DD74-4D60-A041-3E5D03A32180}.AppStore|Any CPU.Build.0 = Release|Any CPU
		{AB8B448C-DD74-4D60-A041-3E5D03A32180}.AppStore|ARM.ActiveCfg = Release|Any CPU
		{AB8B448C-DD74-4D60-A041-3E5D03A32180}.AppStore|ARM.Build.0 = Release|Any CPU
		{AB8B448C-DD74-4D60-A041-3E5D03A32180}.AppStore|iPhone.ActiveCfg = Release|Any CPU
		{AB8B448C-DD74-4D60-A041-3E5D03A32180}.AppStore|iPhone.Build.0 = Release|Any CPU
		{AB8B448C-DD74-4D60-A041-3E5D03A32180}.AppStore|iPhoneSimulator.ActiveCfg = Release|Any CPU
		{AB8B448C-DD74-4D60-A041-3E5D03A32180}.AppStore|iPhoneSimulator.Build.0 = Release|Any CPU
		{AB8B448C-DD74-4D60-A041-3E5D03A32180}.AppStore|x64.ActiveCfg = Release|Any CPU
		{AB8B448C-DD74-4D60-A041-3E5D03A32180}.AppStore|x64.Build.0 = Release|Any CPU
		{AB8B448C-DD74-4D60-A041-3E5D03A32180}.AppStore|x86.ActiveCfg = Release|Any CPU
		{AB8B448C-DD74-4D60-A041-3E5D03A32180}.AppStore|x86.Build.0 = Release|Any CPU
		{AB8B448C-DD74-4D60-A041-3E5D03A32180}.Debug|Any CPU.ActiveCfg = Debug|Any CPU
		{AB8B448C-DD74-4D60-A041-3E5D03A32180}.Debug|Any CPU.Build.0 = Debug|Any CPU
		{AB8B448C-DD74-4D60-A041-3E5D03A32180}.Debug|ARM.ActiveCfg = Debug|Any CPU
		{AB8B448C-DD74-4D60-A041-3E5D03A32180}.Debug|ARM.Build.0 = Debug|Any CPU
		{AB8B448C-DD74-4D60-A041-3E5D03A32180}.Debug|iPhone.ActiveCfg = Debug|Any CPU
		{AB8B448C-DD74-4D60-A041-3E5D03A32180}.Debug|iPhone.Build.0 = Debug|Any CPU
		{AB8B448C-DD74-4D60-A041-3E5D03A32180}.Debug|iPhoneSimulator.ActiveCfg = Debug|Any CPU
		{AB8B448C-DD74-4D60-A041-3E5D03A32180}.Debug|iPhoneSimulator.Build.0 = Debug|Any CPU
		{AB8B448C-DD74-4D60-A041-3E5D03A32180}.Debug|x64.ActiveCfg = Debug|Any CPU
		{AB8B448C-DD74-4D60-A041-3E5D03A32180}.Debug|x64.Build.0 = Debug|Any CPU
		{AB8B448C-DD74-4D60-A041-3E5D03A32180}.Debug|x86.ActiveCfg = Debug|Any CPU
		{AB8B448C-DD74-4D60-A041-3E5D03A32180}.Debug|x86.Build.0 = Debug|Any CPU
		{AB8B448C-DD74-4D60-A041-3E5D03A32180}.Release|Any CPU.ActiveCfg = Release|Any CPU
		{AB8B448C-DD74-4D60-A041-3E5D03A32180}.Release|Any CPU.Build.0 = Release|Any CPU
		{AB8B448C-DD74-4D60-A041-3E5D03A32180}.Release|ARM.ActiveCfg = Release|Any CPU
		{AB8B448C-DD74-4D60-A041-3E5D03A32180}.Release|ARM.Build.0 = Release|Any CPU
		{AB8B448C-DD74-4D60-A041-3E5D03A32180}.Release|iPhone.ActiveCfg = Release|Any CPU
		{AB8B448C-DD74-4D60-A041-3E5D03A32180}.Release|iPhone.Build.0 = Release|Any CPU
		{AB8B448C-DD74-4D60-A041-3E5D03A32180}.Release|iPhoneSimulator.ActiveCfg = Release|Any CPU
		{AB8B448C-DD74-4D60-A041-3E5D03A32180}.Release|iPhoneSimulator.Build.0 = Release|Any CPU
		{AB8B448C-DD74-4D60-A041-3E5D03A32180}.Release|x64.ActiveCfg = Release|Any CPU
		{AB8B448C-DD74-4D60-A041-3E5D03A32180}.Release|x64.Build.0 = Release|Any CPU
		{AB8B448C-DD74-4D60-A041-3E5D03A32180}.Release|x86.ActiveCfg = Release|Any CPU
		{AB8B448C-DD74-4D60-A041-3E5D03A32180}.Release|x86.Build.0 = Release|Any CPU
		{8E48BD49-75D7-4518-AC7C-A2CC9F89B53C}.Ad-Hoc|Any CPU.ActiveCfg = Release|Any CPU
		{8E48BD49-75D7-4518-AC7C-A2CC9F89B53C}.Ad-Hoc|Any CPU.Build.0 = Release|Any CPU
		{8E48BD49-75D7-4518-AC7C-A2CC9F89B53C}.Ad-Hoc|ARM.ActiveCfg = Release|Any CPU
		{8E48BD49-75D7-4518-AC7C-A2CC9F89B53C}.Ad-Hoc|ARM.Build.0 = Release|Any CPU
		{8E48BD49-75D7-4518-AC7C-A2CC9F89B53C}.Ad-Hoc|iPhone.ActiveCfg = Release|Any CPU
		{8E48BD49-75D7-4518-AC7C-A2CC9F89B53C}.Ad-Hoc|iPhone.Build.0 = Release|Any CPU
		{8E48BD49-75D7-4518-AC7C-A2CC9F89B53C}.Ad-Hoc|iPhoneSimulator.ActiveCfg = Release|Any CPU
		{8E48BD49-75D7-4518-AC7C-A2CC9F89B53C}.Ad-Hoc|iPhoneSimulator.Build.0 = Release|Any CPU
		{8E48BD49-75D7-4518-AC7C-A2CC9F89B53C}.Ad-Hoc|x64.ActiveCfg = Release|Any CPU
		{8E48BD49-75D7-4518-AC7C-A2CC9F89B53C}.Ad-Hoc|x64.Build.0 = Release|Any CPU
		{8E48BD49-75D7-4518-AC7C-A2CC9F89B53C}.Ad-Hoc|x86.ActiveCfg = Release|Any CPU
		{8E48BD49-75D7-4518-AC7C-A2CC9F89B53C}.Ad-Hoc|x86.Build.0 = Release|Any CPU
		{8E48BD49-75D7-4518-AC7C-A2CC9F89B53C}.AppStore|Any CPU.ActiveCfg = Release|Any CPU
		{8E48BD49-75D7-4518-AC7C-A2CC9F89B53C}.AppStore|Any CPU.Build.0 = Release|Any CPU
		{8E48BD49-75D7-4518-AC7C-A2CC9F89B53C}.AppStore|ARM.ActiveCfg = Release|Any CPU
		{8E48BD49-75D7-4518-AC7C-A2CC9F89B53C}.AppStore|ARM.Build.0 = Release|Any CPU
		{8E48BD49-75D7-4518-AC7C-A2CC9F89B53C}.AppStore|iPhone.ActiveCfg = Release|Any CPU
		{8E48BD49-75D7-4518-AC7C-A2CC9F89B53C}.AppStore|iPhone.Build.0 = Release|Any CPU
		{8E48BD49-75D7-4518-AC7C-A2CC9F89B53C}.AppStore|iPhoneSimulator.ActiveCfg = Release|Any CPU
		{8E48BD49-75D7-4518-AC7C-A2CC9F89B53C}.AppStore|iPhoneSimulator.Build.0 = Release|Any CPU
		{8E48BD49-75D7-4518-AC7C-A2CC9F89B53C}.AppStore|x64.ActiveCfg = Release|Any CPU
		{8E48BD49-75D7-4518-AC7C-A2CC9F89B53C}.AppStore|x64.Build.0 = Release|Any CPU
		{8E48BD49-75D7-4518-AC7C-A2CC9F89B53C}.AppStore|x86.ActiveCfg = Release|Any CPU
		{8E48BD49-75D7-4518-AC7C-A2CC9F89B53C}.AppStore|x86.Build.0 = Release|Any CPU
		{8E48BD49-75D7-4518-AC7C-A2CC9F89B53C}.Debug|Any CPU.ActiveCfg = Debug|Any CPU
		{8E48BD49-75D7-4518-AC7C-A2CC9F89B53C}.Debug|Any CPU.Build.0 = Debug|Any CPU
		{8E48BD49-75D7-4518-AC7C-A2CC9F89B53C}.Debug|ARM.ActiveCfg = Debug|Any CPU
		{8E48BD49-75D7-4518-AC7C-A2CC9F89B53C}.Debug|ARM.Build.0 = Debug|Any CPU
		{8E48BD49-75D7-4518-AC7C-A2CC9F89B53C}.Debug|iPhone.ActiveCfg = Debug|Any CPU
		{8E48BD49-75D7-4518-AC7C-A2CC9F89B53C}.Debug|iPhone.Build.0 = Debug|Any CPU
		{8E48BD49-75D7-4518-AC7C-A2CC9F89B53C}.Debug|iPhoneSimulator.ActiveCfg = Debug|Any CPU
		{8E48BD49-75D7-4518-AC7C-A2CC9F89B53C}.Debug|iPhoneSimulator.Build.0 = Debug|Any CPU
		{8E48BD49-75D7-4518-AC7C-A2CC9F89B53C}.Debug|x64.ActiveCfg = Debug|Any CPU
		{8E48BD49-75D7-4518-AC7C-A2CC9F89B53C}.Debug|x64.Build.0 = Debug|Any CPU
		{8E48BD49-75D7-4518-AC7C-A2CC9F89B53C}.Debug|x86.ActiveCfg = Debug|Any CPU
		{8E48BD49-75D7-4518-AC7C-A2CC9F89B53C}.Debug|x86.Build.0 = Debug|Any CPU
		{8E48BD49-75D7-4518-AC7C-A2CC9F89B53C}.Release|Any CPU.ActiveCfg = Release|Any CPU
		{8E48BD49-75D7-4518-AC7C-A2CC9F89B53C}.Release|Any CPU.Build.0 = Release|Any CPU
		{8E48BD49-75D7-4518-AC7C-A2CC9F89B53C}.Release|ARM.ActiveCfg = Release|Any CPU
		{8E48BD49-75D7-4518-AC7C-A2CC9F89B53C}.Release|ARM.Build.0 = Release|Any CPU
		{8E48BD49-75D7-4518-AC7C-A2CC9F89B53C}.Release|iPhone.ActiveCfg = Release|Any CPU
		{8E48BD49-75D7-4518-AC7C-A2CC9F89B53C}.Release|iPhone.Build.0 = Release|Any CPU
		{8E48BD49-75D7-4518-AC7C-A2CC9F89B53C}.Release|iPhoneSimulator.ActiveCfg = Release|Any CPU
		{8E48BD49-75D7-4518-AC7C-A2CC9F89B53C}.Release|iPhoneSimulator.Build.0 = Release|Any CPU
		{8E48BD49-75D7-4518-AC7C-A2CC9F89B53C}.Release|x64.ActiveCfg = Release|Any CPU
		{8E48BD49-75D7-4518-AC7C-A2CC9F89B53C}.Release|x64.Build.0 = Release|Any CPU
		{8E48BD49-75D7-4518-AC7C-A2CC9F89B53C}.Release|x86.ActiveCfg = Release|Any CPU
		{8E48BD49-75D7-4518-AC7C-A2CC9F89B53C}.Release|x86.Build.0 = Release|Any CPU
		{5965EFBC-02D6-423D-9022-37B7FE6DF686}.Ad-Hoc|Any CPU.ActiveCfg = Release|x64
		{5965EFBC-02D6-423D-9022-37B7FE6DF686}.Ad-Hoc|Any CPU.Build.0 = Release|x64
		{5965EFBC-02D6-423D-9022-37B7FE6DF686}.Ad-Hoc|Any CPU.Deploy.0 = Release|x64
		{5965EFBC-02D6-423D-9022-37B7FE6DF686}.Ad-Hoc|ARM.ActiveCfg = Release|ARM
		{5965EFBC-02D6-423D-9022-37B7FE6DF686}.Ad-Hoc|ARM.Build.0 = Release|ARM
		{5965EFBC-02D6-423D-9022-37B7FE6DF686}.Ad-Hoc|ARM.Deploy.0 = Release|ARM
		{5965EFBC-02D6-423D-9022-37B7FE6DF686}.Ad-Hoc|iPhone.ActiveCfg = Release|x64
		{5965EFBC-02D6-423D-9022-37B7FE6DF686}.Ad-Hoc|iPhone.Build.0 = Release|x64
		{5965EFBC-02D6-423D-9022-37B7FE6DF686}.Ad-Hoc|iPhone.Deploy.0 = Release|x64
		{5965EFBC-02D6-423D-9022-37B7FE6DF686}.Ad-Hoc|iPhoneSimulator.ActiveCfg = Release|x64
		{5965EFBC-02D6-423D-9022-37B7FE6DF686}.Ad-Hoc|iPhoneSimulator.Build.0 = Release|x64
		{5965EFBC-02D6-423D-9022-37B7FE6DF686}.Ad-Hoc|iPhoneSimulator.Deploy.0 = Release|x64
		{5965EFBC-02D6-423D-9022-37B7FE6DF686}.Ad-Hoc|x64.ActiveCfg = Release|x64
		{5965EFBC-02D6-423D-9022-37B7FE6DF686}.Ad-Hoc|x64.Build.0 = Release|x64
		{5965EFBC-02D6-423D-9022-37B7FE6DF686}.Ad-Hoc|x64.Deploy.0 = Release|x64
		{5965EFBC-02D6-423D-9022-37B7FE6DF686}.Ad-Hoc|x86.ActiveCfg = Release|x86
		{5965EFBC-02D6-423D-9022-37B7FE6DF686}.Ad-Hoc|x86.Build.0 = Release|x86
		{5965EFBC-02D6-423D-9022-37B7FE6DF686}.Ad-Hoc|x86.Deploy.0 = Release|x86
		{5965EFBC-02D6-423D-9022-37B7FE6DF686}.AppStore|Any CPU.ActiveCfg = Release|x64
		{5965EFBC-02D6-423D-9022-37B7FE6DF686}.AppStore|Any CPU.Build.0 = Release|x64
		{5965EFBC-02D6-423D-9022-37B7FE6DF686}.AppStore|Any CPU.Deploy.0 = Release|x64
		{5965EFBC-02D6-423D-9022-37B7FE6DF686}.AppStore|ARM.ActiveCfg = Release|ARM
		{5965EFBC-02D6-423D-9022-37B7FE6DF686}.AppStore|ARM.Build.0 = Release|ARM
		{5965EFBC-02D6-423D-9022-37B7FE6DF686}.AppStore|ARM.Deploy.0 = Release|ARM
		{5965EFBC-02D6-423D-9022-37B7FE6DF686}.AppStore|iPhone.ActiveCfg = Release|x64
		{5965EFBC-02D6-423D-9022-37B7FE6DF686}.AppStore|iPhone.Build.0 = Release|x64
		{5965EFBC-02D6-423D-9022-37B7FE6DF686}.AppStore|iPhone.Deploy.0 = Release|x64
		{5965EFBC-02D6-423D-9022-37B7FE6DF686}.AppStore|iPhoneSimulator.ActiveCfg = Release|x64
		{5965EFBC-02D6-423D-9022-37B7FE6DF686}.AppStore|iPhoneSimulator.Build.0 = Release|x64
		{5965EFBC-02D6-423D-9022-37B7FE6DF686}.AppStore|iPhoneSimulator.Deploy.0 = Release|x64
		{5965EFBC-02D6-423D-9022-37B7FE6DF686}.AppStore|x64.ActiveCfg = Release|x64
		{5965EFBC-02D6-423D-9022-37B7FE6DF686}.AppStore|x64.Build.0 = Release|x64
		{5965EFBC-02D6-423D-9022-37B7FE6DF686}.AppStore|x64.Deploy.0 = Release|x64
		{5965EFBC-02D6-423D-9022-37B7FE6DF686}.AppStore|x86.ActiveCfg = Release|x86
		{5965EFBC-02D6-423D-9022-37B7FE6DF686}.AppStore|x86.Build.0 = Release|x86
		{5965EFBC-02D6-423D-9022-37B7FE6DF686}.AppStore|x86.Deploy.0 = Release|x86
		{5965EFBC-02D6-423D-9022-37B7FE6DF686}.Debug|Any CPU.ActiveCfg = Debug|x86
		{5965EFBC-02D6-423D-9022-37B7FE6DF686}.Debug|ARM.ActiveCfg = Debug|ARM
		{5965EFBC-02D6-423D-9022-37B7FE6DF686}.Debug|ARM.Build.0 = Debug|ARM
		{5965EFBC-02D6-423D-9022-37B7FE6DF686}.Debug|ARM.Deploy.0 = Debug|ARM
		{5965EFBC-02D6-423D-9022-37B7FE6DF686}.Debug|iPhone.ActiveCfg = Debug|x86
		{5965EFBC-02D6-423D-9022-37B7FE6DF686}.Debug|iPhoneSimulator.ActiveCfg = Debug|x86
		{5965EFBC-02D6-423D-9022-37B7FE6DF686}.Debug|x64.ActiveCfg = Debug|x64
		{5965EFBC-02D6-423D-9022-37B7FE6DF686}.Debug|x64.Build.0 = Debug|x64
		{5965EFBC-02D6-423D-9022-37B7FE6DF686}.Debug|x64.Deploy.0 = Debug|x64
		{5965EFBC-02D6-423D-9022-37B7FE6DF686}.Debug|x86.ActiveCfg = Debug|x86
		{5965EFBC-02D6-423D-9022-37B7FE6DF686}.Debug|x86.Build.0 = Debug|x86
		{5965EFBC-02D6-423D-9022-37B7FE6DF686}.Debug|x86.Deploy.0 = Debug|x86
		{5965EFBC-02D6-423D-9022-37B7FE6DF686}.Release|Any CPU.ActiveCfg = Release|x86
		{5965EFBC-02D6-423D-9022-37B7FE6DF686}.Release|ARM.ActiveCfg = Release|ARM
		{5965EFBC-02D6-423D-9022-37B7FE6DF686}.Release|ARM.Build.0 = Release|ARM
		{5965EFBC-02D6-423D-9022-37B7FE6DF686}.Release|ARM.Deploy.0 = Release|ARM
		{5965EFBC-02D6-423D-9022-37B7FE6DF686}.Release|iPhone.ActiveCfg = Release|x86
		{5965EFBC-02D6-423D-9022-37B7FE6DF686}.Release|iPhoneSimulator.ActiveCfg = Release|x86
		{5965EFBC-02D6-423D-9022-37B7FE6DF686}.Release|x64.ActiveCfg = Release|x64
		{5965EFBC-02D6-423D-9022-37B7FE6DF686}.Release|x64.Build.0 = Release|x64
		{5965EFBC-02D6-423D-9022-37B7FE6DF686}.Release|x64.Deploy.0 = Release|x64
		{5965EFBC-02D6-423D-9022-37B7FE6DF686}.Release|x86.ActiveCfg = Release|x86
		{5965EFBC-02D6-423D-9022-37B7FE6DF686}.Release|x86.Build.0 = Release|x86
		{5965EFBC-02D6-423D-9022-37B7FE6DF686}.Release|x86.Deploy.0 = Release|x86
	EndGlobalSection
	GlobalSection(SolutionProperties) = preSolution
		HideSolutionNode = FALSE
	EndGlobalSection
	GlobalSection(NestedProjects) = preSolution
		{F859070A-568A-48E3-AC41-DE43B3855914} = {983147E8-10BD-4DA8-A461-D1AA6A167F3C}
		{C361D69F-EB36-402F-B93A-5BDE2488F971} = {983147E8-10BD-4DA8-A461-D1AA6A167F3C}
		{3A753258-5ED0-4BB5-A540-FE430B4B2989} = {983147E8-10BD-4DA8-A461-D1AA6A167F3C}
		{47D50D3D-3B83-4863-B801-841BC0E56ED7} = {983147E8-10BD-4DA8-A461-D1AA6A167F3C}
		{CAAE9B39-6B54-477B-BD32-5926ECFFFCBD} = {983147E8-10BD-4DA8-A461-D1AA6A167F3C}
		{F740DFA3-5B03-4E06-8894-DDFF6602ACE6} = {983147E8-10BD-4DA8-A461-D1AA6A167F3C}
		{99C9E82C-C594-446D-AA59-8FFBC43AD226} = {CA2673E1-C04D-4CBE-92EE-975B15F971FA}
		{AB8B448C-DD74-4D60-A041-3E5D03A32180} = {CA2673E1-C04D-4CBE-92EE-975B15F971FA}
		{5965EFBC-02D6-423D-9022-37B7FE6DF686} = {895BFC5B-5791-4B10-95F9-11B491353A95}
	EndGlobalSection
EndGlobal
